
Microsoft Visual Studio Solution File, Format Version 12.00
# Visual Studio 15
VisualStudioVersion = 15.0.28307.421
MinimumVisualStudioVersion = 10.0.40219.1
Project("{FAE04EC0-301F-11D3-BF4B-00C04F79EFBC}") = "telledge", "telledge\telledge.csproj", "{EB8B78CF-6C84-4B69-81EE-658ECA283DC9}"
EndProject
Project("{FAE04EC0-301F-11D3-BF4B-00C04F79EFBC}") = "UnitTest", "UnitTest\UnitTest.csproj", "{F0F41532-83E9-461F-9FAB-0CCA623ED68A}"
EndProject
Global
	GlobalSection(SolutionConfigurationPlatforms) = preSolution
		Debug|Any CPU = Debug|Any CPU
		Release|Any CPU = Release|Any CPU
	EndGlobalSection
	GlobalSection(ProjectConfigurationPlatforms) = postSolution
		{EB8B78CF-6C84-4B69-81EE-658ECA283DC9}.Debug|Any CPU.ActiveCfg = Debug|Any CPU
		{EB8B78CF-6C84-4B69-81EE-658ECA283DC9}.Debug|Any CPU.Build.0 = Debug|Any CPU
		{EB8B78CF-6C84-4B69-81EE-658ECA283DC9}.Release|Any CPU.ActiveCfg = Release|Any CPU
		{EB8B78CF-6C84-4B69-81EE-658ECA283DC9}.Release|Any CPU.Build.0 = Release|Any CPU
		{F0F41532-83E9-461F-9FAB-0CCA623ED68A}.Debug|Any CPU.ActiveCfg = Debug|Any CPU
		{F0F41532-83E9-461F-9FAB-0CCA623ED68A}.Debug|Any CPU.Build.0 = Debug|Any CPU
		{F0F41532-83E9-461F-9FAB-0CCA623ED68A}.Release|Any CPU.ActiveCfg = Release|Any CPU
		{F0F41532-83E9-461F-9FAB-0CCA623ED68A}.Release|Any CPU.Build.0 = Release|Any CPU
	EndGlobalSection
	GlobalSection(SolutionProperties) = preSolution
		HideSolutionNode = FALSE
	EndGlobalSection
	GlobalSection(ExtensibilityGlobals) = postSolution
		SolutionGuid = {96292EEA-AC7E-4539-9AB5-BC31AD31FD94}
	EndGlobalSection
EndGlobal
